
Microsoft Visual Studio Solution File, Format Version 12.00
# Visual Studio Version 17
VisualStudioVersion = 17.4.33110.190
MinimumVisualStudioVersion = 10.0.40219.1
Project("{FAE04EC0-301F-11D3-BF4B-00C04F79EFBC}") = "login", "login\login.csproj", "{DF7A97E9-3ADD-4775-8A35-B8D2F42BD993}"
EndProject
Global
	GlobalSection(SolutionConfigurationPlatforms) = preSolution
		Debug|Any CPU = Debug|Any CPU
		Release|Any CPU = Release|Any CPU
	EndGlobalSection
	GlobalSection(ProjectConfigurationPlatforms) = postSolution
		{DF7A97E9-3ADD-4775-8A35-B8D2F42BD993}.Debug|Any CPU.ActiveCfg = Debug|Any CPU
		{DF7A97E9-3ADD-4775-8A35-B8D2F42BD993}.Debug|Any CPU.Build.0 = Debug|Any CPU
		{DF7A97E9-3ADD-4775-8A35-B8D2F42BD993}.Release|Any CPU.ActiveCfg = Release|Any CPU
		{DF7A97E9-3ADD-4775-8A35-B8D2F42BD993}.Release|Any CPU.Build.0 = Release|Any CPU
	EndGlobalSection
	GlobalSection(SolutionProperties) = preSolution
		HideSolutionNode = FALSE
	EndGlobalSection
	GlobalSection(ExtensibilityGlobals) = postSolution
		SolutionGuid = {6D37DFFE-62B2-467E-8C73-8F3BE322F7EE}
	EndGlobalSection
EndGlobal
